
Microsoft Visual Studio Solution File, Format Version 12.00
# Visual Studio 14
VisualStudioVersion = 14.0.23107.0
MinimumVisualStudioVersion = 10.0.40219.1
Project("{F184B08F-C81C-45F6-A57F-5ABD9991F28F}") = "UPrince Excel Prod", "UPrince Excel Prod\UPrince Excel Prod.vbproj", "{12C0BB57-5AFC-4EAE-9CE3-B721377F4AB5}"
EndProject
Project("{F184B08F-C81C-45F6-A57F-5ABD9991F28F}") = "UPrince Excel ProdWeb", "UPrince Excel ProdWeb\UPrince Excel ProdWeb.vbproj", "{A0BCB35B-603A-4099-8535-8B493F4ADDF4}"
EndProject
Project("{2150E333-8FDC-42A3-9474-1A3956D46DE8}") = "Solution Items", "Solution Items", "{755D7E28-D802-457F-B2E3-A13923BF6E22}"
	ProjectSection(SolutionItems) = preProject
		..\..\..\Desktop\20160902GTD template UPrince.xlsx = ..\..\..\Desktop\20160902GTD template UPrince.xlsx
	EndProjectSection
EndProject
Global
	GlobalSection(SolutionConfigurationPlatforms) = preSolution
		Debug|Any CPU = Debug|Any CPU
		Release|Any CPU = Release|Any CPU
	EndGlobalSection
	GlobalSection(ProjectConfigurationPlatforms) = postSolution
		{12C0BB57-5AFC-4EAE-9CE3-B721377F4AB5}.Debug|Any CPU.ActiveCfg = Debug|Any CPU
		{12C0BB57-5AFC-4EAE-9CE3-B721377F4AB5}.Debug|Any CPU.Build.0 = Debug|Any CPU
		{12C0BB57-5AFC-4EAE-9CE3-B721377F4AB5}.Debug|Any CPU.Deploy.0 = Debug|Any CPU
		{12C0BB57-5AFC-4EAE-9CE3-B721377F4AB5}.Release|Any CPU.ActiveCfg = Release|Any CPU
		{12C0BB57-5AFC-4EAE-9CE3-B721377F4AB5}.Release|Any CPU.Build.0 = Release|Any CPU
		{12C0BB57-5AFC-4EAE-9CE3-B721377F4AB5}.Release|Any CPU.Deploy.0 = Release|Any CPU
		{A0BCB35B-603A-4099-8535-8B493F4ADDF4}.Debug|Any CPU.ActiveCfg = Debug|Any CPU
		{A0BCB35B-603A-4099-8535-8B493F4ADDF4}.Debug|Any CPU.Build.0 = Debug|Any CPU
		{A0BCB35B-603A-4099-8535-8B493F4ADDF4}.Release|Any CPU.ActiveCfg = Release|Any CPU
		{A0BCB35B-603A-4099-8535-8B493F4ADDF4}.Release|Any CPU.Build.0 = Release|Any CPU
	EndGlobalSection
	GlobalSection(SolutionProperties) = preSolution
		HideSolutionNode = FALSE
	EndGlobalSection
EndGlobal
